// !$*UTF8*$!
{
	archiveVersion = 1;
	classes = {
	};
	objectVersion = 46;
	objects = {

/* Begin PBXBuildFile section */
		D8212C281C59081B00EB515A /* AppDelegate.swift in Sources */ = {isa = PBXBuildFile; fileRef = D8212C271C59081B00EB515A /* AppDelegate.swift */; };
		D8212C2A1C59081B00EB515A /* ViewController.swift in Sources */ = {isa = PBXBuildFile; fileRef = D8212C291C59081B00EB515A /* ViewController.swift */; };
		D8212C2D1C59081B00EB515A /* Main.storyboard in Resources */ = {isa = PBXBuildFile; fileRef = D8212C2B1C59081B00EB515A /* Main.storyboard */; };
		D8212C2F1C59081B00EB515A /* Assets.xcassets in Resources */ = {isa = PBXBuildFile; fileRef = D8212C2E1C59081B00EB515A /* Assets.xcassets */; };
		D8212C321C59081B00EB515A /* LaunchScreen.storyboard in Resources */ = {isa = PBXBuildFile; fileRef = D8212C301C59081B00EB515A /* LaunchScreen.storyboard */; };
		D8212C3A1C5909AA00EB515A /* ResizableCollectionView.swift in Sources */ = {isa = PBXBuildFile; fileRef = D8212C391C5909AA00EB515A /* ResizableCollectionView.swift */; };
/* End PBXBuildFile section */

/* Begin PBXFileReference section */
		D8212C241C59081B00EB515A /* ResizableCollectionView.app */ = {isa = PBXFileReference; explicitFileType = wrapper.application; includeInIndex = 0; path = ResizableCollectionView.app; sourceTree = BUILT_PRODUCTS_DIR; };
		D8212C271C59081B00EB515A /* AppDelegate.swift */ = {isa = PBXFileReference; lastKnownFileType = sourcecode.swift; path = AppDelegate.swift; sourceTree = "<group>"; };
		D8212C291C59081B00EB515A /* ViewController.swift */ = {isa = PBXFileReference; lastKnownFileType = sourcecode.swift; path = ViewController.swift; sourceTree = "<group>"; };
		D8212C2C1C59081B00EB515A /* Base */ = {isa = PBXFileReference; lastKnownFileType = file.storyboard; name = Base; path = Base.lproj/Main.storyboard; sourceTree = "<group>"; };
		D8212C2E1C59081B00EB515A /* Assets.xcassets */ = {isa = PBXFileReference; lastKnownFileType = folder.assetcatalog; path = Assets.xcassets; sourceTree = "<group>"; };
		D8212C311C59081B00EB515A /* Base */ = {isa = PBXFileReference; lastKnownFileType = file.storyboard; name = Base; path = Base.lproj/LaunchScreen.storyboard; sourceTree = "<group>"; };
		D8212C331C59081B00EB515A /* Info.plist */ = {isa = PBXFileReference; lastKnownFileType = text.plist.xml; path = Info.plist; sourceTree = "<group>"; };
		D8212C391C5909AA00EB515A /* ResizableCollectionView.swift */ = {isa = PBXFileReference; fileEncoding = 4; lastKnownFileType = sourcecode.swift; path = ResizableCollectionView.swift; sourceTree = "<group>"; };
/* End PBXFileReference section */

/* Begin PBXFrameworksBuildPhase section */
		D8212C211C59081B00EB515A /* Frameworks */ = {
			isa = PBXFrameworksBuildPhase;
			buildActionMask = 2147483647;
			files = (
			);
			runOnlyForDeploymentPostprocessing = 0;
		};
/* End PBXFrameworksBuildPhase section */

/* Begin PBXGroup section */
		D8212C1B1C59081B00EB515A = {
			isa = PBXGroup;
			children = (
				D8212C251C59081B00EB515A /* Products */,
				D8212C261C59081B00EB515A /* ResizableCollectionView */,
			);
			sourceTree = "<group>";
		};
		D8212C251C59081B00EB515A /* Products */ = {
			isa = PBXGroup;
			children = (
				D8212C241C59081B00EB515A /* ResizableCollectionView.app */,
			);
			name = Products;
			sourceTree = "<group>";
		};
		D8212C261C59081B00EB515A /* ResizableCollectionView */ = {
			isa = PBXGroup;
			children = (
				D8BBD9341C598B110095F2A1 /* library */,
				D8212C271C59081B00EB515A /* AppDelegate.swift */,
				D8212C2E1C59081B00EB515A /* Assets.xcassets */,
				D8212C331C59081B00EB515A /* Info.plist */,
				D8212C301C59081B00EB515A /* LaunchScreen.storyboard */,
				D8212C2B1C59081B00EB515A /* Main.storyboard */,
				D8212C291C59081B00EB515A /* ViewController.swift */,
			);
			path = ResizableCollectionView;
			sourceTree = "<group>";
		};
		D8BBD9341C598B110095F2A1 /* library */ = {
			isa = PBXGroup;
			children = (
				D8212C391C5909AA00EB515A /* ResizableCollectionView.swift */,
			);
			path = library;
			sourceTree = "<group>";
		};
/* End PBXGroup section */

/* Begin PBXNativeTarget section */
		D8212C231C59081B00EB515A /* ResizableCollectionView */ = {
			isa = PBXNativeTarget;
			buildConfigurationList = D8212C361C59081B00EB515A /* Build configuration list for PBXNativeTarget "ResizableCollectionView" */;
			buildPhases = (
				D8212C201C59081B00EB515A /* Sources */,
				D8212C211C59081B00EB515A /* Frameworks */,
				D8212C221C59081B00EB515A /* Resources */,
			);
			buildRules = (
			);
			dependencies = (
			);
			name = ResizableCollectionView;
			productName = ResizableCollectionView;
			productReference = D8212C241C59081B00EB515A /* ResizableCollectionView.app */;
			productType = "com.apple.product-type.application";
		};
/* End PBXNativeTarget section */

/* Begin PBXProject section */
		D8212C1C1C59081B00EB515A /* Project object */ = {
			isa = PBXProject;
			attributes = {
				LastSwiftUpdateCheck = 0720;
				LastUpgradeCheck = 0720;
				ORGANIZATIONNAME = nscallop;
				TargetAttributes = {
					D8212C231C59081B00EB515A = {
						CreatedOnToolsVersion = 7.2;
					};
				};
			};
			buildConfigurationList = D8212C1F1C59081B00EB515A /* Build configuration list for PBXProject "ResizableCollectionView" */;
			compatibilityVersion = "Xcode 3.2";
			developmentRegion = English;
			hasScannedForEncodings = 0;
			knownRegions = (
				en,
				Base,
			);
			mainGroup = D8212C1B1C59081B00EB515A;
			productRefGroup = D8212C251C59081B00EB515A /* Products */;
			projectDirPath = "";
			projectRoot = "";
			targets = (
				D8212C231C59081B00EB515A /* ResizableCollectionView */,
			);
		};
/* End PBXProject section */

/* Begin PBXResourcesBuildPhase section */
		D8212C221C59081B00EB515A /* Resources */ = {
			isa = PBXResourcesBuildPhase;
			buildActionMask = 2147483647;
			files = (
				D8212C321C59081B00EB515A /* LaunchScreen.storyboard in Resources */,
				D8212C2F1C59081B00EB515A /* Assets.xcassets in Resources */,
				D8212C2D1C59081B00EB515A /* Main.storyboard in Resources */,
			);
			runOnlyForDeploymentPostprocessing = 0;
		};
/* End PBXResourcesBuildPhase section */

/* Begin PBXSourcesBuildPhase section */
		D8212C201C59081B00EB515A /* Sources */ = {
			isa = PBXSourcesBuildPhase;
			buildActionMask = 2147483647;
			files = (
				D8212C2A1C59081B00EB515A /* ViewController.swift in Sources */,
				D8212C3A1C5909AA00EB515A /* ResizableCollectionView.swift in Sources */,
				D8212C281C59081B00EB515A /* AppDelegate.swift in Sources */,
			);
			runOnlyForDeploymentPostprocessing = 0;
		};
/* End PBXSourcesBuildPhase section */

/* Begin PBXVariantGroup section */
		D8212C2B1C59081B00EB515A /* Main.storyboard */ = {
			isa = PBXVariantGroup;
			children = (
				D8212C2C1C59081B00EB515A /* Base */,
			);
			name = Main.storyboard;
			path = .;
			sourceTree = "<group>";
		};
		D8212C301C59081B00EB515A /* LaunchScreen.storyboard */ = {
			isa = PBXVariantGroup;
			children = (
				D8212C311C59081B00EB515A /* Base */,
			);
			name = LaunchScreen.storyboard;
			path = .;
			sourceTree = "<group>";
		};
/* End PBXVariantGroup section */

/* Begin XCBuildConfiguration section */
		D8212C341C59081B00EB515A /* Debug */ = {
			isa = XCBuildConfiguration;
			buildSettings = {
				ALWAYS_SEARCH_USER_PATHS = NO;
				CLANG_CXX_LANGUAGE_STANDARD = "gnu++0x";
				CLANG_CXX_LIBRARY = "libc++";
				CLANG_ENABLE_MODULES = YES;
				CLANG_ENABLE_OBJC_ARC = YES;
				CLANG_WARN_BOOL_CONVERSION = YES;
				CLANG_WARN_CONSTANT_CONVERSION = YES;
				CLANG_WARN_DIRECT_OBJC_ISA_USAGE = YES_ERROR;
				CLANG_WARN_EMPTY_BODY = YES;
				CLANG_WARN_ENUM_CONVERSION = YES;
				CLANG_WARN_INT_CONVERSION = YES;
				CLANG_WARN_OBJC_ROOT_CLASS = YES_ERROR;
				CLANG_WARN_UNREACHABLE_CODE = YES;
				CLANG_WARN__DUPLICATE_METHOD_MATCH = YES;
				"CODE_SIGN_IDENTITY[sdk=iphoneos*]" = "iPhone Developer";
				COPY_PHASE_STRIP = NO;
				DEBUG_INFORMATION_FORMAT = dwarf;
				ENABLE_STRICT_OBJC_MSGSEND = YES;
				ENABLE_TESTABILITY = YES;
				GCC_C_LANGUAGE_STANDARD = gnu99;
				GCC_DYNAMIC_NO_PIC = NO;
				GCC_NO_COMMON_BLOCKS = YES;
				GCC_OPTIMIZATION_LEVEL = 0;
				GCC_PREPROCESSOR_DEFINITIONS = (
					"DEBUG=1",
					"$(inherited)",
				);
				GCC_WARN_64_TO_32_BIT_CONVERSION = YES;
				GCC_WARN_ABOUT_RETURN_TYPE = YES_ERROR;
				GCC_WARN_UNDECLARED_SELECTOR = YES;
				GCC_WARN_UNINITIALIZED_AUTOS = YES_AGGRESSIVE;
				GCC_WARN_UNUSED_FUNCTION = YES;
				GCC_WARN_UNUSED_VARIABLE = YES;
				IPHONEOS_DEPLOYMENT_TARGET = 9.2;
				MTL_ENABLE_DEBUG_INFO = YES;
				ONLY_ACTIVE_ARCH = YES;
				SDKROOT = iphoneos;
				SWIFT_OPTIMIZATION_LEVEL = "-Onone";
			};
			name = Debug;
		};
		D8212C351C59081B00EB515A /* Release */ = {
			isa = XCBuildConfiguration;
			buildSettings = {
				ALWAYS_SEARCH_USER_PATHS = NO;
				CLANG_CXX_LANGUAGE_STANDARD = "gnu++0x";
				CLANG_CXX_LIBRARY = "libc++";
				CLANG_ENABLE_MODULES = YES;
				CLANG_ENABLE_OBJC_ARC = YES;
				CLANG_WARN_BOOL_CONVERSION = YES;
				CLANG_WARN_CONSTANT_CONVERSION = YES;
				CLANG_WARN_DIRECT_OBJC_ISA_USAGE = YES_ERROR;
				CLANG_WARN_EMPTY_BODY = YES;
				CLANG_WARN_ENUM_CONVERSION = YES;
				CLANG_WARN_INT_CONVERSION = YES;
				CLANG_WARN_OBJC_ROOT_CLASS = YES_ERROR;
				CLANG_WARN_UNREACHABLE_CODE = YES;
				CLANG_WARN__DUPLICATE_METHOD_MATCH = YES;
				"CODE_SIGN_IDENTITY[sdk=iphoneos*]" = "iPhone Developer";
				COPY_PHASE_STRIP = NO;
				DEBUG_INFORMATION_FORMAT = "dwarf-with-dsym";
				ENABLE_NS_ASSERTIONS = NO;
				ENABLE_STRICT_OBJC_MSGSEND = YES;
				GCC_C_LANGUAGE_STANDARD = gnu99;
				GCC_NO_COMMON_BLOCKS = YES;
				GCC_WARN_64_TO_32_BIT_CONVERSION = YES;
				GCC_WARN_ABOUT_RETURN_TYPE = YES_ERROR;
				GCC_WARN_UNDECLARED_SELECTOR = YES;
				GCC_WARN_UNINITIALIZED_AUTOS = YES_AGGRESSIVE;
				GCC_WARN_UNUSED_FUNCTION = YES;
				GCC_WARN_UNUSED_VARIABLE = YES;
				IPHONEOS_DEPLOYMENT_TARGET = 9.2;
				MTL_ENABLE_DEBUG_INFO = NO;
				SDKROOT = iphoneos;
				VALIDATE_PRODUCT = YES;
			};
			name = Release;
		};
		D8212C371C59081B00EB515A /* Debug */ = {
			isa = XCBuildConfiguration;
			buildSettings = {
				ASSETCATALOG_COMPILER_APPICON_NAME = AppIcon;
				INFOPLIST_FILE = ResizableCollectionView/Info.plist;
				LD_RUNPATH_SEARCH_PATHS = "$(inherited) @executable_path/Frameworks";
				PRODUCT_BUNDLE_IDENTIFIER = jp.hitting.ResizableCollectionView;
				PRODUCT_NAME = "$(TARGET_NAME)";
			};
			name = Debug;
		};
		D8212C381C59081B00EB515A /* Release */ = {
			isa = XCBuildConfiguration;
			buildSettings = {
				ASSETCATALOG_COMPILER_APPICON_NAME = AppIcon;
				INFOPLIST_FILE = ResizableCollectionView/Info.plist;
				LD_RUNPATH_SEARCH_PATHS = "$(inherited) @executable_path/Frameworks";
				PRODUCT_BUNDLE_IDENTIFIER = jp.hitting.ResizableCollectionView;
				PRODUCT_NAME = "$(TARGET_NAME)";
			};
			name = Release;
		};
/* End XCBuildConfiguration section */

/* Begin XCConfigurationList section */
		D8212C1F1C59081B00EB515A /* Build configuration list for PBXProject "ResizableCollectionView" */ = {
			isa = XCConfigurationList;
			buildConfigurations = (
				D8212C341C59081B00EB515A /* Debug */,
				D8212C351C59081B00EB515A /* Release */,
			);
			defaultConfigurationIsVisible = 0;
			defaultConfigurationName = Release;
		};
		D8212C361C59081B00EB515A /* Build configuration list for PBXNativeTarget "ResizableCollectionView" */ = {
			isa = XCConfigurationList;
			buildConfigurations = (
				D8212C371C59081B00EB515A /* Debug */,
				D8212C381C59081B00EB515A /* Release */,
			);
			defaultConfigurationIsVisible = 0;
			defaultConfigurationName = Release;
		};
/* End XCConfigurationList section */
	};
	rootObject = D8212C1C1C59081B00EB515A /* Project object */;
}
