// !$*UTF8*$!
{
	archiveVersion = 1;
	classes = {
	};
	objectVersion = 46;
	objects = {

/* Begin PBXBuildFile section */
		D8ED8FDE1C695FA50091EE9B /* AppDelegate.swift in Sources */ = {isa = PBXBuildFile; fileRef = D8ED8FDD1C695FA50091EE9B /* AppDelegate.swift */; };
		D8ED8FE01C695FA50091EE9B /* ViewController.swift in Sources */ = {isa = PBXBuildFile; fileRef = D8ED8FDF1C695FA50091EE9B /* ViewController.swift */; };
		D8ED8FE31C695FA50091EE9B /* Main.storyboard in Resources */ = {isa = PBXBuildFile; fileRef = D8ED8FE11C695FA50091EE9B /* Main.storyboard */; };
		D8ED8FE51C695FA50091EE9B /* Assets.xcassets in Resources */ = {isa = PBXBuildFile; fileRef = D8ED8FE41C695FA50091EE9B /* Assets.xcassets */; };
		D8ED8FE81C695FA50091EE9B /* LaunchScreen.storyboard in Resources */ = {isa = PBXBuildFile; fileRef = D8ED8FE61C695FA50091EE9B /* LaunchScreen.storyboard */; };
		D9A5E546616316849645386C /* Pods.framework in Frameworks */ = {isa = PBXBuildFile; fileRef = 3B7E4602EB9080135A4E4A72 /* Pods.framework */; };
/* End PBXBuildFile section */

/* Begin PBXFileReference section */
		3B7E4602EB9080135A4E4A72 /* Pods.framework */ = {isa = PBXFileReference; explicitFileType = wrapper.framework; includeInIndex = 0; path = Pods.framework; sourceTree = BUILT_PRODUCTS_DIR; };
		AA5DBACBF062B716FF88132B /* Pods.release.xcconfig */ = {isa = PBXFileReference; includeInIndex = 1; lastKnownFileType = text.xcconfig; name = Pods.release.xcconfig; path = "Pods/Target Support Files/Pods/Pods.release.xcconfig"; sourceTree = "<group>"; };
		D5A8D449F684F7C08F44073C /* Pods.debug.xcconfig */ = {isa = PBXFileReference; includeInIndex = 1; lastKnownFileType = text.xcconfig; name = Pods.debug.xcconfig; path = "Pods/Target Support Files/Pods/Pods.debug.xcconfig"; sourceTree = "<group>"; };
		D8ED8FDA1C695FA50091EE9B /* DEMO.app */ = {isa = PBXFileReference; explicitFileType = wrapper.application; includeInIndex = 0; path = DEMO.app; sourceTree = BUILT_PRODUCTS_DIR; };
		D8ED8FDD1C695FA50091EE9B /* AppDelegate.swift */ = {isa = PBXFileReference; lastKnownFileType = sourcecode.swift; path = AppDelegate.swift; sourceTree = "<group>"; };
		D8ED8FDF1C695FA50091EE9B /* ViewController.swift */ = {isa = PBXFileReference; lastKnownFileType = sourcecode.swift; path = ViewController.swift; sourceTree = "<group>"; };
		D8ED8FE21C695FA50091EE9B /* Base */ = {isa = PBXFileReference; lastKnownFileType = file.storyboard; name = Base; path = Base.lproj/Main.storyboard; sourceTree = "<group>"; };
		D8ED8FE41C695FA50091EE9B /* Assets.xcassets */ = {isa = PBXFileReference; lastKnownFileType = folder.assetcatalog; path = Assets.xcassets; sourceTree = "<group>"; };
		D8ED8FE71C695FA50091EE9B /* Base */ = {isa = PBXFileReference; lastKnownFileType = file.storyboard; name = Base; path = Base.lproj/LaunchScreen.storyboard; sourceTree = "<group>"; };
		D8ED8FE91C695FA50091EE9B /* Info.plist */ = {isa = PBXFileReference; lastKnownFileType = text.plist.xml; path = Info.plist; sourceTree = "<group>"; };
/* End PBXFileReference section */

/* Begin PBXFrameworksBuildPhase section */
		D8ED8FD71C695FA50091EE9B /* Frameworks */ = {
			isa = PBXFrameworksBuildPhase;
			buildActionMask = 2147483647;
			files = (
				D9A5E546616316849645386C /* Pods.framework in Frameworks */,
			);
			runOnlyForDeploymentPostprocessing = 0;
		};
/* End PBXFrameworksBuildPhase section */

/* Begin PBXGroup section */
		15D0C31EEF3C7EC1B3F7CD83 /* Pods */ = {
			isa = PBXGroup;
			children = (
				D5A8D449F684F7C08F44073C /* Pods.debug.xcconfig */,
				AA5DBACBF062B716FF88132B /* Pods.release.xcconfig */,
			);
			name = Pods;
			sourceTree = "<group>";
		};
		ABFEC5CCB349E745AEAE339D /* Frameworks */ = {
			isa = PBXGroup;
			children = (
				3B7E4602EB9080135A4E4A72 /* Pods.framework */,
			);
			name = Frameworks;
			sourceTree = "<group>";
		};
		D8ED8FD11C695FA50091EE9B = {
			isa = PBXGroup;
			children = (
				D8ED8FDC1C695FA50091EE9B /* DEMO */,
				D8ED8FDB1C695FA50091EE9B /* Products */,
				15D0C31EEF3C7EC1B3F7CD83 /* Pods */,
				ABFEC5CCB349E745AEAE339D /* Frameworks */,
			);
			sourceTree = "<group>";
		};
		D8ED8FDB1C695FA50091EE9B /* Products */ = {
			isa = PBXGroup;
			children = (
				D8ED8FDA1C695FA50091EE9B /* DEMO.app */,
			);
			name = Products;
			sourceTree = "<group>";
		};
		D8ED8FDC1C695FA50091EE9B /* DEMO */ = {
			isa = PBXGroup;
			children = (
				D8ED8FDD1C695FA50091EE9B /* AppDelegate.swift */,
				D8ED8FDF1C695FA50091EE9B /* ViewController.swift */,
				D8ED8FE11C695FA50091EE9B /* Main.storyboard */,
				D8ED8FE41C695FA50091EE9B /* Assets.xcassets */,
				D8ED8FE61C695FA50091EE9B /* LaunchScreen.storyboard */,
				D8ED8FE91C695FA50091EE9B /* Info.plist */,
			);
			path = DEMO;
			sourceTree = "<group>";
		};
/* End PBXGroup section */

/* Begin PBXNativeTarget section */
		D8ED8FD91C695FA50091EE9B /* DEMO */ = {
			isa = PBXNativeTarget;
			buildConfigurationList = D8ED8FEC1C695FA50091EE9B /* Build configuration list for PBXNativeTarget "DEMO" */;
			buildPhases = (
				DFC1DE82A31BD1FBC80AB134 /* Check Pods Manifest.lock */,
				D8ED8FD61C695FA50091EE9B /* Sources */,
				D8ED8FD71C695FA50091EE9B /* Frameworks */,
				D8ED8FD81C695FA50091EE9B /* Resources */,
				E655A14E603C9D34B1781722 /* Embed Pods Frameworks */,
				3A8EAAD0995608969BAD6B5C /* Copy Pods Resources */,
			);
			buildRules = (
			);
			dependencies = (
			);
			name = DEMO;
			productName = DEMO;
			productReference = D8ED8FDA1C695FA50091EE9B /* DEMO.app */;
			productType = "com.apple.product-type.application";
		};
/* End PBXNativeTarget section */

/* Begin PBXProject section */
		D8ED8FD21C695FA50091EE9B /* Project object */ = {
			isa = PBXProject;
			attributes = {
				LastSwiftUpdateCheck = 0720;
				LastUpgradeCheck = 0720;
				ORGANIZATIONNAME = "IOKA Masakazu";
				TargetAttributes = {
					D8ED8FD91C695FA50091EE9B = {
						CreatedOnToolsVersion = 7.2;
					};
				};
			};
			buildConfigurationList = D8ED8FD51C695FA50091EE9B /* Build configuration list for PBXProject "DEMO" */;
			compatibilityVersion = "Xcode 3.2";
			developmentRegion = English;
			hasScannedForEncodings = 0;
			knownRegions = (
				en,
				Base,
			);
			mainGroup = D8ED8FD11C695FA50091EE9B;
			productRefGroup = D8ED8FDB1C695FA50091EE9B /* Products */;
			projectDirPath = "";
			projectRoot = "";
			targets = (
				D8ED8FD91C695FA50091EE9B /* DEMO */,
			);
		};
/* End PBXProject section */

/* Begin PBXResourcesBuildPhase section */
		D8ED8FD81C695FA50091EE9B /* Resources */ = {
			isa = PBXResourcesBuildPhase;
			buildActionMask = 2147483647;
			files = (
				D8ED8FE81C695FA50091EE9B /* LaunchScreen.storyboard in Resources */,
				D8ED8FE51C695FA50091EE9B /* Assets.xcassets in Resources */,
				D8ED8FE31C695FA50091EE9B /* Main.storyboard in Resources */,
			);
			runOnlyForDeploymentPostprocessing = 0;
		};
/* End PBXResourcesBuildPhase section */

/* Begin PBXShellScriptBuildPhase section */
		3A8EAAD0995608969BAD6B5C /* Copy Pods Resources */ = {
			isa = PBXShellScriptBuildPhase;
			buildActionMask = 2147483647;
			files = (
			);
			inputPaths = (
			);
			name = "Copy Pods Resources";
			outputPaths = (
			);
			runOnlyForDeploymentPostprocessing = 0;
			shellPath = /bin/sh;
			shellScript = "\"${SRCROOT}/Pods/Target Support Files/Pods/Pods-resources.sh\"\n";
			showEnvVarsInLog = 0;
		};
		DFC1DE82A31BD1FBC80AB134 /* Check Pods Manifest.lock */ = {
			isa = PBXShellScriptBuildPhase;
			buildActionMask = 2147483647;
			files = (
			);
			inputPaths = (
			);
			name = "Check Pods Manifest.lock";
			outputPaths = (
			);
			runOnlyForDeploymentPostprocessing = 0;
			shellPath = /bin/sh;
			shellScript = "diff \"${PODS_ROOT}/../Podfile.lock\" \"${PODS_ROOT}/Manifest.lock\" > /dev/null\nif [[ $? != 0 ]] ; then\n    cat << EOM\nerror: The sandbox is not in sync with the Podfile.lock. Run 'pod install' or update your CocoaPods installation.\nEOM\n    exit 1\nfi\n";
			showEnvVarsInLog = 0;
		};
		E655A14E603C9D34B1781722 /* Embed Pods Frameworks */ = {
			isa = PBXShellScriptBuildPhase;
			buildActionMask = 2147483647;
			files = (
			);
			inputPaths = (
			);
			name = "Embed Pods Frameworks";
			outputPaths = (
			);
			runOnlyForDeploymentPostprocessing = 0;
			shellPath = /bin/sh;
			shellScript = "\"${SRCROOT}/Pods/Target Support Files/Pods/Pods-frameworks.sh\"\n";
			showEnvVarsInLog = 0;
		};
/* End PBXShellScriptBuildPhase section */

/* Begin PBXSourcesBuildPhase section */
		D8ED8FD61C695FA50091EE9B /* Sources */ = {
			isa = PBXSourcesBuildPhase;
			buildActionMask = 2147483647;
			files = (
				D8ED8FE01C695FA50091EE9B /* ViewController.swift in Sources */,
				D8ED8FDE1C695FA50091EE9B /* AppDelegate.swift in Sources */,
			);
			runOnlyForDeploymentPostprocessing = 0;
		};
/* End PBXSourcesBuildPhase section */

/* Begin PBXVariantGroup section */
		D8ED8FE11C695FA50091EE9B /* Main.storyboard */ = {
			isa = PBXVariantGroup;
			children = (
				D8ED8FE21C695FA50091EE9B /* Base */,
			);
			name = Main.storyboard;
			sourceTree = "<group>";
		};
		D8ED8FE61C695FA50091EE9B /* LaunchScreen.storyboard */ = {
			isa = PBXVariantGroup;
			children = (
				D8ED8FE71C695FA50091EE9B /* Base */,
			);
			name = LaunchScreen.storyboard;
			sourceTree = "<group>";
		};
/* End PBXVariantGroup section */

/* Begin XCBuildConfiguration section */
		D8ED8FEA1C695FA50091EE9B /* Debug */ = {
			isa = XCBuildConfiguration;
			buildSettings = {
				ALWAYS_SEARCH_USER_PATHS = NO;
				CLANG_CXX_LANGUAGE_STANDARD = "gnu++0x";
				CLANG_CXX_LIBRARY = "libc++";
				CLANG_ENABLE_MODULES = YES;
				CLANG_ENABLE_OBJC_ARC = YES;
				CLANG_WARN_BOOL_CONVERSION = YES;
				CLANG_WARN_CONSTANT_CONVERSION = YES;
				CLANG_WARN_DIRECT_OBJC_ISA_USAGE = YES_ERROR;
				CLANG_WARN_EMPTY_BODY = YES;
				CLANG_WARN_ENUM_CONVERSION = YES;
				CLANG_WARN_INT_CONVERSION = YES;
				CLANG_WARN_OBJC_ROOT_CLASS = YES_ERROR;
				CLANG_WARN_UNREACHABLE_CODE = YES;
				CLANG_WARN__DUPLICATE_METHOD_MATCH = YES;
				"CODE_SIGN_IDENTITY[sdk=iphoneos*]" = "iPhone Developer";
				COPY_PHASE_STRIP = NO;
				DEBUG_INFORMATION_FORMAT = dwarf;
				ENABLE_STRICT_OBJC_MSGSEND = YES;
				ENABLE_TESTABILITY = YES;
				GCC_C_LANGUAGE_STANDARD = gnu99;
				GCC_DYNAMIC_NO_PIC = NO;
				GCC_NO_COMMON_BLOCKS = YES;
				GCC_OPTIMIZATION_LEVEL = 0;
				GCC_PREPROCESSOR_DEFINITIONS = (
					"DEBUG=1",
					"$(inherited)",
				);
				GCC_WARN_64_TO_32_BIT_CONVERSION = YES;
				GCC_WARN_ABOUT_RETURN_TYPE = YES_ERROR;
				GCC_WARN_UNDECLARED_SELECTOR = YES;
				GCC_WARN_UNINITIALIZED_AUTOS = YES_AGGRESSIVE;
				GCC_WARN_UNUSED_FUNCTION = YES;
				GCC_WARN_UNUSED_VARIABLE = YES;
				IPHONEOS_DEPLOYMENT_TARGET = 9.2;
				MTL_ENABLE_DEBUG_INFO = YES;
				ONLY_ACTIVE_ARCH = YES;
				SDKROOT = iphoneos;
				SWIFT_OPTIMIZATION_LEVEL = "-Onone";
			};
			name = Debug;
		};
		D8ED8FEB1C695FA50091EE9B /* Release */ = {
			isa = XCBuildConfiguration;
			buildSettings = {
				ALWAYS_SEARCH_USER_PATHS = NO;
				CLANG_CXX_LANGUAGE_STANDARD = "gnu++0x";
				CLANG_CXX_LIBRARY = "libc++";
				CLANG_ENABLE_MODULES = YES;
				CLANG_ENABLE_OBJC_ARC = YES;
				CLANG_WARN_BOOL_CONVERSION = YES;
				CLANG_WARN_CONSTANT_CONVERSION = YES;
				CLANG_WARN_DIRECT_OBJC_ISA_USAGE = YES_ERROR;
				CLANG_WARN_EMPTY_BODY = YES;
				CLANG_WARN_ENUM_CONVERSION = YES;
				CLANG_WARN_INT_CONVERSION = YES;
				CLANG_WARN_OBJC_ROOT_CLASS = YES_ERROR;
				CLANG_WARN_UNREACHABLE_CODE = YES;
				CLANG_WARN__DUPLICATE_METHOD_MATCH = YES;
				"CODE_SIGN_IDENTITY[sdk=iphoneos*]" = "iPhone Developer";
				COPY_PHASE_STRIP = NO;
				DEBUG_INFORMATION_FORMAT = "dwarf-with-dsym";
				ENABLE_NS_ASSERTIONS = NO;
				ENABLE_STRICT_OBJC_MSGSEND = YES;
				GCC_C_LANGUAGE_STANDARD = gnu99;
				GCC_NO_COMMON_BLOCKS = YES;
				GCC_WARN_64_TO_32_BIT_CONVERSION = YES;
				GCC_WARN_ABOUT_RETURN_TYPE = YES_ERROR;
				GCC_WARN_UNDECLARED_SELECTOR = YES;
				GCC_WARN_UNINITIALIZED_AUTOS = YES_AGGRESSIVE;
				GCC_WARN_UNUSED_FUNCTION = YES;
				GCC_WARN_UNUSED_VARIABLE = YES;
				IPHONEOS_DEPLOYMENT_TARGET = 9.2;
				MTL_ENABLE_DEBUG_INFO = NO;
				SDKROOT = iphoneos;
				VALIDATE_PRODUCT = YES;
			};
			name = Release;
		};
		D8ED8FED1C695FA50091EE9B /* Debug */ = {
			isa = XCBuildConfiguration;
			baseConfigurationReference = D5A8D449F684F7C08F44073C /* Pods.debug.xcconfig */;
			buildSettings = {
				ASSETCATALOG_COMPILER_APPICON_NAME = AppIcon;
				INFOPLIST_FILE = DEMO/Info.plist;
				LD_RUNPATH_SEARCH_PATHS = "$(inherited) @executable_path/Frameworks";
				PRODUCT_BUNDLE_IDENTIFIER = jp.hitting.DEMO;
				PRODUCT_NAME = "$(TARGET_NAME)";
			};
			name = Debug;
		};
		D8ED8FEE1C695FA50091EE9B /* Release */ = {
			isa = XCBuildConfiguration;
			baseConfigurationReference = AA5DBACBF062B716FF88132B /* Pods.release.xcconfig */;
			buildSettings = {
				ASSETCATALOG_COMPILER_APPICON_NAME = AppIcon;
				INFOPLIST_FILE = DEMO/Info.plist;
				LD_RUNPATH_SEARCH_PATHS = "$(inherited) @executable_path/Frameworks";
				PRODUCT_BUNDLE_IDENTIFIER = jp.hitting.DEMO;
				PRODUCT_NAME = "$(TARGET_NAME)";
			};
			name = Release;
		};
/* End XCBuildConfiguration section */

/* Begin XCConfigurationList section */
		D8ED8FD51C695FA50091EE9B /* Build configuration list for PBXProject "DEMO" */ = {
			isa = XCConfigurationList;
			buildConfigurations = (
				D8ED8FEA1C695FA50091EE9B /* Debug */,
				D8ED8FEB1C695FA50091EE9B /* Release */,
			);
			defaultConfigurationIsVisible = 0;
			defaultConfigurationName = Release;
		};
		D8ED8FEC1C695FA50091EE9B /* Build configuration list for PBXNativeTarget "DEMO" */ = {
			isa = XCConfigurationList;
			buildConfigurations = (
				D8ED8FED1C695FA50091EE9B /* Debug */,
				D8ED8FEE1C695FA50091EE9B /* Release */,
			);
			defaultConfigurationIsVisible = 0;
			defaultConfigurationName = Release;
		};
/* End XCConfigurationList section */
	};
	rootObject = D8ED8FD21C695FA50091EE9B /* Project object */;
}
